
Microsoft Visual Studio Solution File, Format Version 12.00
# Visual Studio Version 17
VisualStudioVersion = 17.6.33829.357
MinimumVisualStudioVersion = 10.0.40219.1
Project("{FAE04EC0-301F-11D3-BF4B-00C04F79EFBC}") = "AbstractFactoryPatternApi", "AbstractFactoryPatternApi\AbstractFactoryPatternApi.csproj", "{AAD9746C-2000-4AB2-AA0A-4657BD739A25}"
EndProject
Global
	GlobalSection(SolutionConfigurationPlatforms) = preSolution
		Debug|Any CPU = Debug|Any CPU
		Release|Any CPU = Release|Any CPU
	EndGlobalSection
	GlobalSection(ProjectConfigurationPlatforms) = postSolution
		{AAD9746C-2000-4AB2-AA0A-4657BD739A25}.Debug|Any CPU.ActiveCfg = Debug|Any CPU
		{AAD9746C-2000-4AB2-AA0A-4657BD739A25}.Debug|Any CPU.Build.0 = Debug|Any CPU
		{AAD9746C-2000-4AB2-AA0A-4657BD739A25}.Release|Any CPU.ActiveCfg = Release|Any CPU
		{AAD9746C-2000-4AB2-AA0A-4657BD739A25}.Release|Any CPU.Build.0 = Release|Any CPU
	EndGlobalSection
	GlobalSection(SolutionProperties) = preSolution
		HideSolutionNode = FALSE
	EndGlobalSection
	GlobalSection(ExtensibilityGlobals) = postSolution
		SolutionGuid = {D56FDDDF-585E-4715-BE4A-012F29B1BC85}
	EndGlobalSection
EndGlobal
